{
  "name": "apskel2",
  "version": "0.1.0",
  "lockfileVersion": 1,
  "requires": true,
  "dependencies": {
    "ordxml": {
      "version": "0.1.0",
      "resolved": "https://registry.npmjs.org/ordxml/-/ordxml-0.1.0.tgz",
      "integrity": "sha512-dSUiSsX7VmqGXhEZzbgBJRHzUq6NeMj7Y201Z7gewcc3yR5BIvbWMfA8GZsniCZ+uJZwDeP8pUFk83NpLg+llg=="
    }
  }
}
